// !$*UTF8*$!
{
	archiveVersion = 1;
	classes = {
	};
	objectVersion = 55;
	objects = {

/* Begin PBXBuildFile section */
		5AC28486298664500056F1B4 /* UIView+Additions.swift in Sources */ = {isa = PBXBuildFile; fileRef = 5AC28485298664500056F1B4 /* UIView+Additions.swift */; };
		5AC2848D298664650056F1B4 /* UIColor+Additions.swift in Sources */ = {isa = PBXBuildFile; fileRef = 5AC28487298664650056F1B4 /* UIColor+Additions.swift */; };
		5AC2848E298664650056F1B4 /* CLPlacemark+Additions.swift in Sources */ = {isa = PBXBuildFile; fileRef = 5AC28488298664650056F1B4 /* CLPlacemark+Additions.swift */; };
		5AC2848F298664650056F1B4 /* UITextField+Additions.swift in Sources */ = {isa = PBXBuildFile; fileRef = 5AC28489298664650056F1B4 /* UITextField+Additions.swift */; };
		5AC28490298664650056F1B4 /* TimeInterval+Additions.swift in Sources */ = {isa = PBXBuildFile; fileRef = 5AC2848A298664650056F1B4 /* TimeInterval+Additions.swift */; };
		5AC28491298664650056F1B4 /* UIButton+Additions.swift in Sources */ = {isa = PBXBuildFile; fileRef = 5AC2848B298664650056F1B4 /* UIButton+Additions.swift */; };
		5AC28492298664650056F1B4 /* UIImage+Additions.swift in Sources */ = {isa = PBXBuildFile; fileRef = 5AC2848C298664650056F1B4 /* UIImage+Additions.swift */; };
		5AC28496298664770056F1B4 /* RouteBuilder.swift in Sources */ = {isa = PBXBuildFile; fileRef = 5AC28493298664770056F1B4 /* RouteBuilder.swift */; };
		5AC28497298664770056F1B4 /* RouteAnnotation.swift in Sources */ = {isa = PBXBuildFile; fileRef = 5AC28494298664770056F1B4 /* RouteAnnotation.swift */; };
		5AC28498298664770056F1B4 /* Route.swift in Sources */ = {isa = PBXBuildFile; fileRef = 5AC28495298664770056F1B4 /* Route.swift */; };
		5AC28499298671F90056F1B4 /* DirectionsViewController.swift in Resources */ = {isa = PBXBuildFile; fileRef = 831DEE812986582700962D2F /* DirectionsViewController.swift */; };
		5AC2849B298672A30056F1B4 /* DirectionsViewController.xib in Resources */ = {isa = PBXBuildFile; fileRef = 5AC2849A298672A30056F1B4 /* DirectionsViewController.xib */; };
		831DEE5C2985EAC600962D2F /* CarDetailsViewController.swift in Sources */ = {isa = PBXBuildFile; fileRef = 831DEE5B2985EAC600962D2F /* CarDetailsViewController.swift */; };
		831DEE5E298620E600962D2F /* UpdateViewController.swift in Sources */ = {isa = PBXBuildFile; fileRef = 831DEE5D298620E600962D2F /* UpdateViewController.swift */; };
		831DEE822986582700962D2F /* DirectionsViewController.swift in Sources */ = {isa = PBXBuildFile; fileRef = 831DEE812986582700962D2F /* DirectionsViewController.swift */; };
		838EB2702985A6CE00FC3F9F /* AppDelegate.swift in Sources */ = {isa = PBXBuildFile; fileRef = 838EB26F2985A6CE00FC3F9F /* AppDelegate.swift */; };
		838EB2722985A6CE00FC3F9F /* SceneDelegate.swift in Sources */ = {isa = PBXBuildFile; fileRef = 838EB2712985A6CE00FC3F9F /* SceneDelegate.swift */; };
		838EB2742985A6CE00FC3F9F /* ViewController.swift in Sources */ = {isa = PBXBuildFile; fileRef = 838EB2732985A6CE00FC3F9F /* ViewController.swift */; };
		838EB2772985A6CE00FC3F9F /* Main.storyboard in Resources */ = {isa = PBXBuildFile; fileRef = 838EB2752985A6CE00FC3F9F /* Main.storyboard */; };
		838EB2792985A6D000FC3F9F /* Assets.xcassets in Resources */ = {isa = PBXBuildFile; fileRef = 838EB2782985A6D000FC3F9F /* Assets.xcassets */; };
		838EB27C2985A6D000FC3F9F /* LaunchScreen.storyboard in Resources */ = {isa = PBXBuildFile; fileRef = 838EB27A2985A6D000FC3F9F /* LaunchScreen.storyboard */; };
		838EB2872985A6D000FC3F9F /* tamuhackTests.swift in Sources */ = {isa = PBXBuildFile; fileRef = 838EB2862985A6D000FC3F9F /* tamuhackTests.swift */; };
		838EB2912985A6D000FC3F9F /* tamuhackUITests.swift in Sources */ = {isa = PBXBuildFile; fileRef = 838EB2902985A6D000FC3F9F /* tamuhackUITests.swift */; };
		838EB2932985A6D000FC3F9F /* tamuhackUITestsLaunchTests.swift in Sources */ = {isa = PBXBuildFile; fileRef = 838EB2922985A6D000FC3F9F /* tamuhackUITestsLaunchTests.swift */; };
		838EB2A02985B7E400FC3F9F /* HomePageViewController.swift in Sources */ = {isa = PBXBuildFile; fileRef = 838EB29F2985B7E400FC3F9F /* HomePageViewController.swift */; };
/* End PBXBuildFile section */

/* Begin PBXContainerItemProxy section */
		838EB2832985A6D000FC3F9F /* PBXContainerItemProxy */ = {
			isa = PBXContainerItemProxy;
			containerPortal = 838EB2642985A6CE00FC3F9F /* Project object */;
			proxyType = 1;
			remoteGlobalIDString = 838EB26B2985A6CE00FC3F9F;
			remoteInfo = tamuhack;
		};
		838EB28D2985A6D000FC3F9F /* PBXContainerItemProxy */ = {
			isa = PBXContainerItemProxy;
			containerPortal = 838EB2642985A6CE00FC3F9F /* Project object */;
			proxyType = 1;
			remoteGlobalIDString = 838EB26B2985A6CE00FC3F9F;
			remoteInfo = tamuhack;
		};
/* End PBXContainerItemProxy section */

/* Begin PBXFileReference section */
		5AC28485298664500056F1B4 /* UIView+Additions.swift */ = {isa = PBXFileReference; fileEncoding = 4; lastKnownFileType = sourcecode.swift; name = "UIView+Additions.swift"; path = "../RWRouter/final/RWRouter/UIView+Additions.swift"; sourceTree = "<group>"; };
		5AC28487298664650056F1B4 /* UIColor+Additions.swift */ = {isa = PBXFileReference; fileEncoding = 4; lastKnownFileType = sourcecode.swift; name = "UIColor+Additions.swift"; path = "../RWRouter/final/RWRouter/UIColor+Additions.swift"; sourceTree = "<group>"; };
		5AC28488298664650056F1B4 /* CLPlacemark+Additions.swift */ = {isa = PBXFileReference; fileEncoding = 4; lastKnownFileType = sourcecode.swift; name = "CLPlacemark+Additions.swift"; path = "../RWRouter/final/RWRouter/CLPlacemark+Additions.swift"; sourceTree = "<group>"; };
		5AC28489298664650056F1B4 /* UITextField+Additions.swift */ = {isa = PBXFileReference; fileEncoding = 4; lastKnownFileType = sourcecode.swift; name = "UITextField+Additions.swift"; path = "../RWRouter/final/RWRouter/UITextField+Additions.swift"; sourceTree = "<group>"; };
		5AC2848A298664650056F1B4 /* TimeInterval+Additions.swift */ = {isa = PBXFileReference; fileEncoding = 4; lastKnownFileType = sourcecode.swift; name = "TimeInterval+Additions.swift"; path = "../RWRouter/final/RWRouter/TimeInterval+Additions.swift"; sourceTree = "<group>"; };
		5AC2848B298664650056F1B4 /* UIButton+Additions.swift */ = {isa = PBXFileReference; fileEncoding = 4; lastKnownFileType = sourcecode.swift; name = "UIButton+Additions.swift"; path = "../RWRouter/final/RWRouter/UIButton+Additions.swift"; sourceTree = "<group>"; };
		5AC2848C298664650056F1B4 /* UIImage+Additions.swift */ = {isa = PBXFileReference; fileEncoding = 4; lastKnownFileType = sourcecode.swift; name = "UIImage+Additions.swift"; path = "../RWRouter/final/RWRouter/UIImage+Additions.swift"; sourceTree = "<group>"; };
		5AC28493298664770056F1B4 /* RouteBuilder.swift */ = {isa = PBXFileReference; fileEncoding = 4; lastKnownFileType = sourcecode.swift; name = RouteBuilder.swift; path = ../RWRouter/final/RWRouter/RouteBuilder.swift; sourceTree = "<group>"; };
		5AC28494298664770056F1B4 /* RouteAnnotation.swift */ = {isa = PBXFileReference; fileEncoding = 4; lastKnownFileType = sourcecode.swift; name = RouteAnnotation.swift; path = ../RWRouter/final/RWRouter/RouteAnnotation.swift; sourceTree = "<group>"; };
		5AC28495298664770056F1B4 /* Route.swift */ = {isa = PBXFileReference; fileEncoding = 4; lastKnownFileType = sourcecode.swift; name = Route.swift; path = ../RWRouter/final/RWRouter/Route.swift; sourceTree = "<group>"; };
		5AC2849A298672A30056F1B4 /* DirectionsViewController.xib */ = {isa = PBXFileReference; fileEncoding = 4; lastKnownFileType = file.xib; name = DirectionsViewController.xib; path = ../../RWRouter/final/RWRouter/DirectionsViewController.xib; sourceTree = "<group>"; };
		831DEE5B2985EAC600962D2F /* CarDetailsViewController.swift */ = {isa = PBXFileReference; lastKnownFileType = sourcecode.swift; path = CarDetailsViewController.swift; sourceTree = "<group>"; };
		831DEE5D298620E600962D2F /* UpdateViewController.swift */ = {isa = PBXFileReference; lastKnownFileType = sourcecode.swift; path = UpdateViewController.swift; sourceTree = "<group>"; };
		831DEE812986582700962D2F /* DirectionsViewController.swift */ = {isa = PBXFileReference; lastKnownFileType = sourcecode.swift; path = DirectionsViewController.swift; sourceTree = "<group>"; };
		838EB26C2985A6CE00FC3F9F /* tamuhack.app */ = {isa = PBXFileReference; explicitFileType = wrapper.application; includeInIndex = 0; path = tamuhack.app; sourceTree = BUILT_PRODUCTS_DIR; };
		838EB26F2985A6CE00FC3F9F /* AppDelegate.swift */ = {isa = PBXFileReference; lastKnownFileType = sourcecode.swift; path = AppDelegate.swift; sourceTree = "<group>"; };
		838EB2712985A6CE00FC3F9F /* SceneDelegate.swift */ = {isa = PBXFileReference; lastKnownFileType = sourcecode.swift; path = SceneDelegate.swift; sourceTree = "<group>"; };
		838EB2732985A6CE00FC3F9F /* ViewController.swift */ = {isa = PBXFileReference; lastKnownFileType = sourcecode.swift; path = ViewController.swift; sourceTree = "<group>"; };
		838EB2762985A6CE00FC3F9F /* Base */ = {isa = PBXFileReference; lastKnownFileType = file.storyboard; name = Base; path = Base.lproj/Main.storyboard; sourceTree = "<group>"; };
		838EB2782985A6D000FC3F9F /* Assets.xcassets */ = {isa = PBXFileReference; lastKnownFileType = folder.assetcatalog; path = Assets.xcassets; sourceTree = "<group>"; };
		838EB27B2985A6D000FC3F9F /* Base */ = {isa = PBXFileReference; lastKnownFileType = file.storyboard; name = Base; path = Base.lproj/LaunchScreen.storyboard; sourceTree = "<group>"; };
		838EB27D2985A6D000FC3F9F /* Info.plist */ = {isa = PBXFileReference; lastKnownFileType = text.plist.xml; path = Info.plist; sourceTree = "<group>"; };
		838EB2822985A6D000FC3F9F /* tamuhackTests.xctest */ = {isa = PBXFileReference; explicitFileType = wrapper.cfbundle; includeInIndex = 0; path = tamuhackTests.xctest; sourceTree = BUILT_PRODUCTS_DIR; };
		838EB2862985A6D000FC3F9F /* tamuhackTests.swift */ = {isa = PBXFileReference; lastKnownFileType = sourcecode.swift; path = tamuhackTests.swift; sourceTree = "<group>"; };
		838EB28C2985A6D000FC3F9F /* tamuhackUITests.xctest */ = {isa = PBXFileReference; explicitFileType = wrapper.cfbundle; includeInIndex = 0; path = tamuhackUITests.xctest; sourceTree = BUILT_PRODUCTS_DIR; };
		838EB2902985A6D000FC3F9F /* tamuhackUITests.swift */ = {isa = PBXFileReference; lastKnownFileType = sourcecode.swift; path = tamuhackUITests.swift; sourceTree = "<group>"; };
		838EB2922985A6D000FC3F9F /* tamuhackUITestsLaunchTests.swift */ = {isa = PBXFileReference; lastKnownFileType = sourcecode.swift; path = tamuhackUITestsLaunchTests.swift; sourceTree = "<group>"; };
		838EB29F2985B7E400FC3F9F /* HomePageViewController.swift */ = {isa = PBXFileReference; lastKnownFileType = sourcecode.swift; path = HomePageViewController.swift; sourceTree = "<group>"; };
/* End PBXFileReference section */

/* Begin PBXFrameworksBuildPhase section */
		838EB2692985A6CE00FC3F9F /* Frameworks */ = {
			isa = PBXFrameworksBuildPhase;
			buildActionMask = 2147483647;
			files = (
			);
			runOnlyForDeploymentPostprocessing = 0;
		};
		838EB27F2985A6D000FC3F9F /* Frameworks */ = {
			isa = PBXFrameworksBuildPhase;
			buildActionMask = 2147483647;
			files = (
			);
			runOnlyForDeploymentPostprocessing = 0;
		};
		838EB2892985A6D000FC3F9F /* Frameworks */ = {
			isa = PBXFrameworksBuildPhase;
			buildActionMask = 2147483647;
			files = (
			);
			runOnlyForDeploymentPostprocessing = 0;
		};
/* End PBXFrameworksBuildPhase section */

/* Begin PBXGroup section */
		838EB2632985A6CD00FC3F9F = {
			isa = PBXGroup;
			children = (
				5AC28495298664770056F1B4 /* Route.swift */,
				5AC28494298664770056F1B4 /* RouteAnnotation.swift */,
				5AC28493298664770056F1B4 /* RouteBuilder.swift */,
				5AC28488298664650056F1B4 /* CLPlacemark+Additions.swift */,
				5AC2848A298664650056F1B4 /* TimeInterval+Additions.swift */,
				5AC2848B298664650056F1B4 /* UIButton+Additions.swift */,
				5AC28487298664650056F1B4 /* UIColor+Additions.swift */,
				5AC2848C298664650056F1B4 /* UIImage+Additions.swift */,
				5AC28489298664650056F1B4 /* UITextField+Additions.swift */,
				5AC28485298664500056F1B4 /* UIView+Additions.swift */,
				838EB26E2985A6CE00FC3F9F /* tamuhack */,
				838EB2852985A6D000FC3F9F /* tamuhackTests */,
				838EB28F2985A6D000FC3F9F /* tamuhackUITests */,
				838EB26D2985A6CE00FC3F9F /* Products */,
			);
			sourceTree = "<group>";
		};
		838EB26D2985A6CE00FC3F9F /* Products */ = {
			isa = PBXGroup;
			children = (
				838EB26C2985A6CE00FC3F9F /* tamuhack.app */,
				838EB2822985A6D000FC3F9F /* tamuhackTests.xctest */,
				838EB28C2985A6D000FC3F9F /* tamuhackUITests.xctest */,
			);
			name = Products;
			sourceTree = "<group>";
		};
		838EB26E2985A6CE00FC3F9F /* tamuhack */ = {
			isa = PBXGroup;
			children = (
				5AC2849A298672A30056F1B4 /* DirectionsViewController.xib */,
				838EB26F2985A6CE00FC3F9F /* AppDelegate.swift */,
				838EB2712985A6CE00FC3F9F /* SceneDelegate.swift */,
				838EB2732985A6CE00FC3F9F /* ViewController.swift */,
				838EB2752985A6CE00FC3F9F /* Main.storyboard */,
				831DEE812986582700962D2F /* DirectionsViewController.swift */,
				831DEE5D298620E600962D2F /* UpdateViewController.swift */,
				838EB29F2985B7E400FC3F9F /* HomePageViewController.swift */,
				831DEE5B2985EAC600962D2F /* CarDetailsViewController.swift */,
				838EB2782985A6D000FC3F9F /* Assets.xcassets */,
				838EB27A2985A6D000FC3F9F /* LaunchScreen.storyboard */,
				838EB27D2985A6D000FC3F9F /* Info.plist */,
			);
			path = tamuhack;
			sourceTree = "<group>";
		};
		838EB2852985A6D000FC3F9F /* tamuhackTests */ = {
			isa = PBXGroup;
			children = (
				838EB2862985A6D000FC3F9F /* tamuhackTests.swift */,
			);
			path = tamuhackTests;
			sourceTree = "<group>";
		};
		838EB28F2985A6D000FC3F9F /* tamuhackUITests */ = {
			isa = PBXGroup;
			children = (
				838EB2902985A6D000FC3F9F /* tamuhackUITests.swift */,
				838EB2922985A6D000FC3F9F /* tamuhackUITestsLaunchTests.swift */,
			);
			path = tamuhackUITests;
			sourceTree = "<group>";
		};
/* End PBXGroup section */

/* Begin PBXNativeTarget section */
		838EB26B2985A6CE00FC3F9F /* tamuhack */ = {
			isa = PBXNativeTarget;
			buildConfigurationList = 838EB2962985A6D000FC3F9F /* Build configuration list for PBXNativeTarget "tamuhack" */;
			buildPhases = (
				838EB2682985A6CE00FC3F9F /* Sources */,
				838EB2692985A6CE00FC3F9F /* Frameworks */,
				838EB26A2985A6CE00FC3F9F /* Resources */,
			);
			buildRules = (
			);
			dependencies = (
			);
			name = tamuhack;
			productName = tamuhack;
			productReference = 838EB26C2985A6CE00FC3F9F /* tamuhack.app */;
			productType = "com.apple.product-type.application";
		};
		838EB2812985A6D000FC3F9F /* tamuhackTests */ = {
			isa = PBXNativeTarget;
			buildConfigurationList = 838EB2992985A6D000FC3F9F /* Build configuration list for PBXNativeTarget "tamuhackTests" */;
			buildPhases = (
				838EB27E2985A6D000FC3F9F /* Sources */,
				838EB27F2985A6D000FC3F9F /* Frameworks */,
				838EB2802985A6D000FC3F9F /* Resources */,
			);
			buildRules = (
			);
			dependencies = (
				838EB2842985A6D000FC3F9F /* PBXTargetDependency */,
			);
			name = tamuhackTests;
			productName = tamuhackTests;
			productReference = 838EB2822985A6D000FC3F9F /* tamuhackTests.xctest */;
			productType = "com.apple.product-type.bundle.unit-test";
		};
		838EB28B2985A6D000FC3F9F /* tamuhackUITests */ = {
			isa = PBXNativeTarget;
			buildConfigurationList = 838EB29C2985A6D000FC3F9F /* Build configuration list for PBXNativeTarget "tamuhackUITests" */;
			buildPhases = (
				838EB2882985A6D000FC3F9F /* Sources */,
				838EB2892985A6D000FC3F9F /* Frameworks */,
				838EB28A2985A6D000FC3F9F /* Resources */,
			);
			buildRules = (
			);
			dependencies = (
				838EB28E2985A6D000FC3F9F /* PBXTargetDependency */,
			);
			name = tamuhackUITests;
			productName = tamuhackUITests;
			productReference = 838EB28C2985A6D000FC3F9F /* tamuhackUITests.xctest */;
			productType = "com.apple.product-type.bundle.ui-testing";
		};
/* End PBXNativeTarget section */

/* Begin PBXProject section */
		838EB2642985A6CE00FC3F9F /* Project object */ = {
			isa = PBXProject;
			attributes = {
				BuildIndependentTargetsInParallel = 1;
				LastSwiftUpdateCheck = 1340;
				LastUpgradeCheck = 1340;
				TargetAttributes = {
					838EB26B2985A6CE00FC3F9F = {
						CreatedOnToolsVersion = 13.4;
					};
					838EB2812985A6D000FC3F9F = {
						CreatedOnToolsVersion = 13.4;
						TestTargetID = 838EB26B2985A6CE00FC3F9F;
					};
					838EB28B2985A6D000FC3F9F = {
						CreatedOnToolsVersion = 13.4;
						TestTargetID = 838EB26B2985A6CE00FC3F9F;
					};
				};
			};
			buildConfigurationList = 838EB2672985A6CE00FC3F9F /* Build configuration list for PBXProject "tamuhack" */;
			compatibilityVersion = "Xcode 13.0";
			developmentRegion = en;
			hasScannedForEncodings = 0;
			knownRegions = (
				en,
				Base,
			);
			mainGroup = 838EB2632985A6CD00FC3F9F;
			productRefGroup = 838EB26D2985A6CE00FC3F9F /* Products */;
			projectDirPath = "";
			projectRoot = "";
			targets = (
				838EB26B2985A6CE00FC3F9F /* tamuhack */,
				838EB2812985A6D000FC3F9F /* tamuhackTests */,
				838EB28B2985A6D000FC3F9F /* tamuhackUITests */,
			);
		};
/* End PBXProject section */

/* Begin PBXResourcesBuildPhase section */
		838EB26A2985A6CE00FC3F9F /* Resources */ = {
			isa = PBXResourcesBuildPhase;
			buildActionMask = 2147483647;
			files = (
				5AC2849B298672A30056F1B4 /* DirectionsViewController.xib in Resources */,
				838EB27C2985A6D000FC3F9F /* LaunchScreen.storyboard in Resources */,
				838EB2792985A6D000FC3F9F /* Assets.xcassets in Resources */,
				838EB2772985A6CE00FC3F9F /* Main.storyboard in Resources */,
			);
			runOnlyForDeploymentPostprocessing = 0;
		};
		838EB2802985A6D000FC3F9F /* Resources */ = {
			isa = PBXResourcesBuildPhase;
			buildActionMask = 2147483647;
			files = (
				5AC28499298671F90056F1B4 /* DirectionsViewController.swift in Resources */,
			);
			runOnlyForDeploymentPostprocessing = 0;
		};
		838EB28A2985A6D000FC3F9F /* Resources */ = {
			isa = PBXResourcesBuildPhase;
			buildActionMask = 2147483647;
			files = (
			);
			runOnlyForDeploymentPostprocessing = 0;
		};
/* End PBXResourcesBuildPhase section */

/* Begin PBXSourcesBuildPhase section */
		838EB2682985A6CE00FC3F9F /* Sources */ = {
			isa = PBXSourcesBuildPhase;
			buildActionMask = 2147483647;
			files = (
				5AC2848F298664650056F1B4 /* UITextField+Additions.swift in Sources */,
				838EB2A02985B7E400FC3F9F /* HomePageViewController.swift in Sources */,
				5AC2848E298664650056F1B4 /* CLPlacemark+Additions.swift in Sources */,
				831DEE5C2985EAC600962D2F /* CarDetailsViewController.swift in Sources */,
				838EB2742985A6CE00FC3F9F /* ViewController.swift in Sources */,
				838EB2702985A6CE00FC3F9F /* AppDelegate.swift in Sources */,
				5AC28486298664500056F1B4 /* UIView+Additions.swift in Sources */,
				5AC28496298664770056F1B4 /* RouteBuilder.swift in Sources */,
				5AC28492298664650056F1B4 /* UIImage+Additions.swift in Sources */,
				5AC28498298664770056F1B4 /* Route.swift in Sources */,
				838EB2722985A6CE00FC3F9F /* SceneDelegate.swift in Sources */,
				5AC28497298664770056F1B4 /* RouteAnnotation.swift in Sources */,
				5AC28491298664650056F1B4 /* UIButton+Additions.swift in Sources */,
				831DEE822986582700962D2F /* DirectionsViewController.swift in Sources */,
				5AC28490298664650056F1B4 /* TimeInterval+Additions.swift in Sources */,
				831DEE5E298620E600962D2F /* UpdateViewController.swift in Sources */,
				5AC2848D298664650056F1B4 /* UIColor+Additions.swift in Sources */,
			);
			runOnlyForDeploymentPostprocessing = 0;
		};
		838EB27E2985A6D000FC3F9F /* Sources */ = {
			isa = PBXSourcesBuildPhase;
			buildActionMask = 2147483647;
			files = (
				838EB2872985A6D000FC3F9F /* tamuhackTests.swift in Sources */,
			);
			runOnlyForDeploymentPostprocessing = 0;
		};
		838EB2882985A6D000FC3F9F /* Sources */ = {
			isa = PBXSourcesBuildPhase;
			buildActionMask = 2147483647;
			files = (
				838EB2932985A6D000FC3F9F /* tamuhackUITestsLaunchTests.swift in Sources */,
				838EB2912985A6D000FC3F9F /* tamuhackUITests.swift in Sources */,
			);
			runOnlyForDeploymentPostprocessing = 0;
		};
/* End PBXSourcesBuildPhase section */

/* Begin PBXTargetDependency section */
		838EB2842985A6D000FC3F9F /* PBXTargetDependency */ = {
			isa = PBXTargetDependency;
			target = 838EB26B2985A6CE00FC3F9F /* tamuhack */;
			targetProxy = 838EB2832985A6D000FC3F9F /* PBXContainerItemProxy */;
		};
		838EB28E2985A6D000FC3F9F /* PBXTargetDependency */ = {
			isa = PBXTargetDependency;
			target = 838EB26B2985A6CE00FC3F9F /* tamuhack */;
			targetProxy = 838EB28D2985A6D000FC3F9F /* PBXContainerItemProxy */;
		};
/* End PBXTargetDependency section */

/* Begin PBXVariantGroup section */
		838EB2752985A6CE00FC3F9F /* Main.storyboard */ = {
			isa = PBXVariantGroup;
			children = (
				838EB2762985A6CE00FC3F9F /* Base */,
			);
			name = Main.storyboard;
			sourceTree = "<group>";
		};
		838EB27A2985A6D000FC3F9F /* LaunchScreen.storyboard */ = {
			isa = PBXVariantGroup;
			children = (
				838EB27B2985A6D000FC3F9F /* Base */,
			);
			name = LaunchScreen.storyboard;
			sourceTree = "<group>";
		};
/* End PBXVariantGroup section */

/* Begin XCBuildConfiguration section */
		838EB2942985A6D000FC3F9F /* Debug */ = {
			isa = XCBuildConfiguration;
			buildSettings = {
				ALWAYS_SEARCH_USER_PATHS = NO;
				CLANG_ANALYZER_NONNULL = YES;
				CLANG_ANALYZER_NUMBER_OBJECT_CONVERSION = YES_AGGRESSIVE;
				CLANG_CXX_LANGUAGE_STANDARD = "gnu++17";
				CLANG_ENABLE_MODULES = YES;
				CLANG_ENABLE_OBJC_ARC = YES;
				CLANG_ENABLE_OBJC_WEAK = YES;
				CLANG_WARN_BLOCK_CAPTURE_AUTORELEASING = YES;
				CLANG_WARN_BOOL_CONVERSION = YES;
				CLANG_WARN_COMMA = YES;
				CLANG_WARN_CONSTANT_CONVERSION = YES;
				CLANG_WARN_DEPRECATED_OBJC_IMPLEMENTATIONS = YES;
				CLANG_WARN_DIRECT_OBJC_ISA_USAGE = YES_ERROR;
				CLANG_WARN_DOCUMENTATION_COMMENTS = YES;
				CLANG_WARN_EMPTY_BODY = YES;
				CLANG_WARN_ENUM_CONVERSION = YES;
				CLANG_WARN_INFINITE_RECURSION = YES;
				CLANG_WARN_INT_CONVERSION = YES;
				CLANG_WARN_NON_LITERAL_NULL_CONVERSION = YES;
				CLANG_WARN_OBJC_IMPLICIT_RETAIN_SELF = YES;
				CLANG_WARN_OBJC_LITERAL_CONVERSION = YES;
				CLANG_WARN_OBJC_ROOT_CLASS = YES_ERROR;
				CLANG_WARN_QUOTED_INCLUDE_IN_FRAMEWORK_HEADER = YES;
				CLANG_WARN_RANGE_LOOP_ANALYSIS = YES;
				CLANG_WARN_STRICT_PROTOTYPES = YES;
				CLANG_WARN_SUSPICIOUS_MOVE = YES;
				CLANG_WARN_UNGUARDED_AVAILABILITY = YES_AGGRESSIVE;
				CLANG_WARN_UNREACHABLE_CODE = YES;
				CLANG_WARN__DUPLICATE_METHOD_MATCH = YES;
				COPY_PHASE_STRIP = NO;
				DEBUG_INFORMATION_FORMAT = dwarf;
				ENABLE_STRICT_OBJC_MSGSEND = YES;
				ENABLE_TESTABILITY = YES;
				GCC_C_LANGUAGE_STANDARD = gnu11;
				GCC_DYNAMIC_NO_PIC = NO;
				GCC_NO_COMMON_BLOCKS = YES;
				GCC_OPTIMIZATION_LEVEL = 0;
				GCC_PREPROCESSOR_DEFINITIONS = (
					"DEBUG=1",
					"$(inherited)",
				);
				GCC_WARN_64_TO_32_BIT_CONVERSION = YES;
				GCC_WARN_ABOUT_RETURN_TYPE = YES_ERROR;
				GCC_WARN_UNDECLARED_SELECTOR = YES;
				GCC_WARN_UNINITIALIZED_AUTOS = YES_AGGRESSIVE;
				GCC_WARN_UNUSED_FUNCTION = YES;
				GCC_WARN_UNUSED_VARIABLE = YES;
				IPHONEOS_DEPLOYMENT_TARGET = 15.5;
				MTL_ENABLE_DEBUG_INFO = INCLUDE_SOURCE;
				MTL_FAST_MATH = YES;
				ONLY_ACTIVE_ARCH = YES;
				SDKROOT = iphoneos;
				SWIFT_ACTIVE_COMPILATION_CONDITIONS = DEBUG;
				SWIFT_OPTIMIZATION_LEVEL = "-Onone";
			};
			name = Debug;
		};
		838EB2952985A6D000FC3F9F /* Release */ = {
			isa = XCBuildConfiguration;
			buildSettings = {
				ALWAYS_SEARCH_USER_PATHS = NO;
				CLANG_ANALYZER_NONNULL = YES;
				CLANG_ANALYZER_NUMBER_OBJECT_CONVERSION = YES_AGGRESSIVE;
				CLANG_CXX_LANGUAGE_STANDARD = "gnu++17";
				CLANG_ENABLE_MODULES = YES;
				CLANG_ENABLE_OBJC_ARC = YES;
				CLANG_ENABLE_OBJC_WEAK = YES;
				CLANG_WARN_BLOCK_CAPTURE_AUTORELEASING = YES;
				CLANG_WARN_BOOL_CONVERSION = YES;
				CLANG_WARN_COMMA = YES;
				CLANG_WARN_CONSTANT_CONVERSION = YES;
				CLANG_WARN_DEPRECATED_OBJC_IMPLEMENTATIONS = YES;
				CLANG_WARN_DIRECT_OBJC_ISA_USAGE = YES_ERROR;
				CLANG_WARN_DOCUMENTATION_COMMENTS = YES;
				CLANG_WARN_EMPTY_BODY = YES;
				CLANG_WARN_ENUM_CONVERSION = YES;
				CLANG_WARN_INFINITE_RECURSION = YES;
				CLANG_WARN_INT_CONVERSION = YES;
				CLANG_WARN_NON_LITERAL_NULL_CONVERSION = YES;
				CLANG_WARN_OBJC_IMPLICIT_RETAIN_SELF = YES;
				CLANG_WARN_OBJC_LITERAL_CONVERSION = YES;
				CLANG_WARN_OBJC_ROOT_CLASS = YES_ERROR;
				CLANG_WARN_QUOTED_INCLUDE_IN_FRAMEWORK_HEADER = YES;
				CLANG_WARN_RANGE_LOOP_ANALYSIS = YES;
				CLANG_WARN_STRICT_PROTOTYPES = YES;
				CLANG_WARN_SUSPICIOUS_MOVE = YES;
				CLANG_WARN_UNGUARDED_AVAILABILITY = YES_AGGRESSIVE;
				CLANG_WARN_UNREACHABLE_CODE = YES;
				CLANG_WARN__DUPLICATE_METHOD_MATCH = YES;
				COPY_PHASE_STRIP = NO;
				DEBUG_INFORMATION_FORMAT = "dwarf-with-dsym";
				ENABLE_NS_ASSERTIONS = NO;
				ENABLE_STRICT_OBJC_MSGSEND = YES;
				GCC_C_LANGUAGE_STANDARD = gnu11;
				GCC_NO_COMMON_BLOCKS = YES;
				GCC_WARN_64_TO_32_BIT_CONVERSION = YES;
				GCC_WARN_ABOUT_RETURN_TYPE = YES_ERROR;
				GCC_WARN_UNDECLARED_SELECTOR = YES;
				GCC_WARN_UNINITIALIZED_AUTOS = YES_AGGRESSIVE;
				GCC_WARN_UNUSED_FUNCTION = YES;
				GCC_WARN_UNUSED_VARIABLE = YES;
				IPHONEOS_DEPLOYMENT_TARGET = 15.5;
				MTL_ENABLE_DEBUG_INFO = NO;
				MTL_FAST_MATH = YES;
				SDKROOT = iphoneos;
				SWIFT_COMPILATION_MODE = wholemodule;
				SWIFT_OPTIMIZATION_LEVEL = "-O";
				VALIDATE_PRODUCT = YES;
			};
			name = Release;
		};
		838EB2972985A6D000FC3F9F /* Debug */ = {
			isa = XCBuildConfiguration;
			buildSettings = {
				ASSETCATALOG_COMPILER_APPICON_NAME = AppIcon;
				ASSETCATALOG_COMPILER_GLOBAL_ACCENT_COLOR_NAME = AccentColor;
				CODE_SIGN_STYLE = Automatic;
				CURRENT_PROJECT_VERSION = 1;
				DEVELOPMENT_TEAM = 76D4WQGJHY;
				GENERATE_INFOPLIST_FILE = YES;
				INFOPLIST_FILE = tamuhack/Info.plist;
				INFOPLIST_KEY_UIApplicationSupportsIndirectInputEvents = YES;
				INFOPLIST_KEY_UILaunchStoryboardName = LaunchScreen;
				INFOPLIST_KEY_UIMainStoryboardFile = Main;
				INFOPLIST_KEY_UISupportedInterfaceOrientations_iPad = "UIInterfaceOrientationPortrait UIInterfaceOrientationPortraitUpsideDown UIInterfaceOrientationLandscapeLeft UIInterfaceOrientationLandscapeRight";
				INFOPLIST_KEY_UISupportedInterfaceOrientations_iPhone = "UIInterfaceOrientationPortrait UIInterfaceOrientationLandscapeLeft UIInterfaceOrientationLandscapeRight";
				LD_RUNPATH_SEARCH_PATHS = (
					"$(inherited)",
					"@executable_path/Frameworks",
				);
				MARKETING_VERSION = 1.0;
				PRODUCT_BUNDLE_IDENTIFIER = com.example.tamuhack;
				PRODUCT_NAME = "$(TARGET_NAME)";
				SWIFT_EMIT_LOC_STRINGS = YES;
				SWIFT_VERSION = 5.0;
				TARGETED_DEVICE_FAMILY = "1,2";
			};
			name = Debug;
		};
		838EB2982985A6D000FC3F9F /* Release */ = {
			isa = XCBuildConfiguration;
			buildSettings = {
				ASSETCATALOG_COMPILER_APPICON_NAME = AppIcon;
				ASSETCATALOG_COMPILER_GLOBAL_ACCENT_COLOR_NAME = AccentColor;
				CODE_SIGN_STYLE = Automatic;
				CURRENT_PROJECT_VERSION = 1;
				DEVELOPMENT_TEAM = 76D4WQGJHY;
				GENERATE_INFOPLIST_FILE = YES;
				INFOPLIST_FILE = tamuhack/Info.plist;
				INFOPLIST_KEY_UIApplicationSupportsIndirectInputEvents = YES;
				INFOPLIST_KEY_UILaunchStoryboardName = LaunchScreen;
				INFOPLIST_KEY_UIMainStoryboardFile = Main;
				INFOPLIST_KEY_UISupportedInterfaceOrientations_iPad = "UIInterfaceOrientationPortrait UIInterfaceOrientationPortraitUpsideDown UIInterfaceOrientationLandscapeLeft UIInterfaceOrientationLandscapeRight";
				INFOPLIST_KEY_UISupportedInterfaceOrientations_iPhone = "UIInterfaceOrientationPortrait UIInterfaceOrientationLandscapeLeft UIInterfaceOrientationLandscapeRight";
				LD_RUNPATH_SEARCH_PATHS = (
					"$(inherited)",
					"@executable_path/Frameworks",
				);
				MARKETING_VERSION = 1.0;
				PRODUCT_BUNDLE_IDENTIFIER = com.example.tamuhack;
				PRODUCT_NAME = "$(TARGET_NAME)";
				SWIFT_EMIT_LOC_STRINGS = YES;
				SWIFT_VERSION = 5.0;
				TARGETED_DEVICE_FAMILY = "1,2";
			};
			name = Release;
		};
		838EB29A2985A6D000FC3F9F /* Debug */ = {
			isa = XCBuildConfiguration;
			buildSettings = {
				ALWAYS_EMBED_SWIFT_STANDARD_LIBRARIES = YES;
				BUNDLE_LOADER = "$(TEST_HOST)";
				CODE_SIGN_STYLE = Automatic;
				CURRENT_PROJECT_VERSION = 1;
				GENERATE_INFOPLIST_FILE = YES;
				IPHONEOS_DEPLOYMENT_TARGET = 15.5;
				MARKETING_VERSION = 1.0;
				PRODUCT_BUNDLE_IDENTIFIER = com.example.tamuhackTests;
				PRODUCT_NAME = "$(TARGET_NAME)";
				SWIFT_EMIT_LOC_STRINGS = NO;
				SWIFT_VERSION = 5.0;
				TARGETED_DEVICE_FAMILY = "1,2";
				TEST_HOST = "$(BUILT_PRODUCTS_DIR)/tamuhack.app/tamuhack";
			};
			name = Debug;
		};
		838EB29B2985A6D000FC3F9F /* Release */ = {
			isa = XCBuildConfiguration;
			buildSettings = {
				ALWAYS_EMBED_SWIFT_STANDARD_LIBRARIES = YES;
				BUNDLE_LOADER = "$(TEST_HOST)";
				CODE_SIGN_STYLE = Automatic;
				CURRENT_PROJECT_VERSION = 1;
				GENERATE_INFOPLIST_FILE = YES;
				IPHONEOS_DEPLOYMENT_TARGET = 15.5;
				MARKETING_VERSION = 1.0;
				PRODUCT_BUNDLE_IDENTIFIER = com.example.tamuhackTests;
				PRODUCT_NAME = "$(TARGET_NAME)";
				SWIFT_EMIT_LOC_STRINGS = NO;
				SWIFT_VERSION = 5.0;
				TARGETED_DEVICE_FAMILY = "1,2";
				TEST_HOST = "$(BUILT_PRODUCTS_DIR)/tamuhack.app/tamuhack";
			};
			name = Release;
		};
		838EB29D2985A6D000FC3F9F /* Debug */ = {
			isa = XCBuildConfiguration;
			buildSettings = {
				ALWAYS_EMBED_SWIFT_STANDARD_LIBRARIES = YES;
				CODE_SIGN_STYLE = Automatic;
				CURRENT_PROJECT_VERSION = 1;
				GENERATE_INFOPLIST_FILE = YES;
				MARKETING_VERSION = 1.0;
				PRODUCT_BUNDLE_IDENTIFIER = com.example.tamuhackUITests;
				PRODUCT_NAME = "$(TARGET_NAME)";
				SWIFT_EMIT_LOC_STRINGS = NO;
				SWIFT_VERSION = 5.0;
				TARGETED_DEVICE_FAMILY = "1,2";
				TEST_TARGET_NAME = tamuhack;
			};
			name = Debug;
		};
		838EB29E2985A6D000FC3F9F /* Release */ = {
			isa = XCBuildConfiguration;
			buildSettings = {
				ALWAYS_EMBED_SWIFT_STANDARD_LIBRARIES = YES;
				CODE_SIGN_STYLE = Automatic;
				CURRENT_PROJECT_VERSION = 1;
				GENERATE_INFOPLIST_FILE = YES;
				MARKETING_VERSION = 1.0;
				PRODUCT_BUNDLE_IDENTIFIER = com.example.tamuhackUITests;
				PRODUCT_NAME = "$(TARGET_NAME)";
				SWIFT_EMIT_LOC_STRINGS = NO;
				SWIFT_VERSION = 5.0;
				TARGETED_DEVICE_FAMILY = "1,2";
				TEST_TARGET_NAME = tamuhack;
			};
			name = Release;
		};
/* End XCBuildConfiguration section */

/* Begin XCConfigurationList section */
		838EB2672985A6CE00FC3F9F /* Build configuration list for PBXProject "tamuhack" */ = {
			isa = XCConfigurationList;
			buildConfigurations = (
				838EB2942985A6D000FC3F9F /* Debug */,
				838EB2952985A6D000FC3F9F /* Release */,
			);
			defaultConfigurationIsVisible = 0;
			defaultConfigurationName = Release;
		};
		838EB2962985A6D000FC3F9F /* Build configuration list for PBXNativeTarget "tamuhack" */ = {
			isa = XCConfigurationList;
			buildConfigurations = (
				838EB2972985A6D000FC3F9F /* Debug */,
				838EB2982985A6D000FC3F9F /* Release */,
			);
			defaultConfigurationIsVisible = 0;
			defaultConfigurationName = Release;
		};
		838EB2992985A6D000FC3F9F /* Build configuration list for PBXNativeTarget "tamuhackTests" */ = {
			isa = XCConfigurationList;
			buildConfigurations = (
				838EB29A2985A6D000FC3F9F /* Debug */,
				838EB29B2985A6D000FC3F9F /* Release */,
			);
			defaultConfigurationIsVisible = 0;
			defaultConfigurationName = Release;
		};
		838EB29C2985A6D000FC3F9F /* Build configuration list for PBXNativeTarget "tamuhackUITests" */ = {
			isa = XCConfigurationList;
			buildConfigurations = (
				838EB29D2985A6D000FC3F9F /* Debug */,
				838EB29E2985A6D000FC3F9F /* Release */,
			);
			defaultConfigurationIsVisible = 0;
			defaultConfigurationName = Release;
		};
/* End XCConfigurationList section */
	};
	rootObject = 838EB2642985A6CE00FC3F9F /* Project object */;
}
